
Microsoft Visual Studio Solution File, Format Version 12.00
# Visual Studio 15
VisualStudioVersion = 15.0.27428.2037
MinimumVisualStudioVersion = 10.0.40219.1
Project("{FAE04EC0-301F-11D3-BF4B-00C04F79EFBC}") = "KeepAlive", "KeepAlive\KeepAlive.csproj", "{53AF8447-063F-4C16-849B-1CFFDB791AFE}"
EndProject
Global
	GlobalSection(SolutionConfigurationPlatforms) = preSolution
		Debug|Any CPU = Debug|Any CPU
		Release|Any CPU = Release|Any CPU
	EndGlobalSection
	GlobalSection(ProjectConfigurationPlatforms) = postSolution
		{53AF8447-063F-4C16-849B-1CFFDB791AFE}.Debug|Any CPU.ActiveCfg = Debug|Any CPU
		{53AF8447-063F-4C16-849B-1CFFDB791AFE}.Debug|Any CPU.Build.0 = Debug|Any CPU
		{53AF8447-063F-4C16-849B-1CFFDB791AFE}.Release|Any CPU.ActiveCfg = Release|Any CPU
		{53AF8447-063F-4C16-849B-1CFFDB791AFE}.Release|Any CPU.Build.0 = Release|Any CPU
	EndGlobalSection
	GlobalSection(SolutionProperties) = preSolution
		HideSolutionNode = FALSE
	EndGlobalSection
	GlobalSection(ExtensibilityGlobals) = postSolution
		SolutionGuid = {C67EC008-8A21-4F33-947E-CBC52485B54F}
	EndGlobalSection
EndGlobal
