
Microsoft Visual Studio Solution File, Format Version 12.00
# Visual Studio 15
VisualStudioVersion = 15.0.27428.2037
MinimumVisualStudioVersion = 10.0.40219.1
Project("{FAE04EC0-301F-11D3-BF4B-00C04F79EFBC}") = "Server", "Server\Server.csproj", "{0DAB5FE7-14C6-416A-9F63-15FBBB52889D}"
EndProject
Global
	GlobalSection(SolutionConfigurationPlatforms) = preSolution
		Debug|Any CPU = Debug|Any CPU
		Release|Any CPU = Release|Any CPU
	EndGlobalSection
	GlobalSection(ProjectConfigurationPlatforms) = postSolution
		{0DAB5FE7-14C6-416A-9F63-15FBBB52889D}.Debug|Any CPU.ActiveCfg = Debug|Any CPU
		{0DAB5FE7-14C6-416A-9F63-15FBBB52889D}.Debug|Any CPU.Build.0 = Debug|Any CPU
		{0DAB5FE7-14C6-416A-9F63-15FBBB52889D}.Release|Any CPU.ActiveCfg = Release|Any CPU
		{0DAB5FE7-14C6-416A-9F63-15FBBB52889D}.Release|Any CPU.Build.0 = Release|Any CPU
	EndGlobalSection
	GlobalSection(SolutionProperties) = preSolution
		HideSolutionNode = FALSE
	EndGlobalSection
	GlobalSection(ExtensibilityGlobals) = postSolution
		SolutionGuid = {1A0E12CA-C225-4868-8D7F-7E727DA0E88A}
	EndGlobalSection
EndGlobal
